
Microsoft Visual Studio Solution File, Format Version 12.00
# Visual Studio Version 16
VisualStudioVersion = 16.0.33130.400
MinimumVisualStudioVersion = 10.0.40219.1
Project("{FAE04EC0-301F-11D3-BF4B-00C04F79EFBC}") = "progect2", "progect2\progect2.csproj", "{B8CBEB9D-E5B1-410E-BB01-7569E55B411B}"
EndProject
Global
	GlobalSection(SolutionConfigurationPlatforms) = preSolution
		Debug|Any CPU = Debug|Any CPU
		Release|Any CPU = Release|Any CPU
	EndGlobalSection
	GlobalSection(ProjectConfigurationPlatforms) = postSolution
		{B8CBEB9D-E5B1-410E-BB01-7569E55B411B}.Debug|Any CPU.ActiveCfg = Debug|Any CPU
		{B8CBEB9D-E5B1-410E-BB01-7569E55B411B}.Debug|Any CPU.Build.0 = Debug|Any CPU
		{B8CBEB9D-E5B1-410E-BB01-7569E55B411B}.Release|Any CPU.ActiveCfg = Release|Any CPU
		{B8CBEB9D-E5B1-410E-BB01-7569E55B411B}.Release|Any CPU.Build.0 = Release|Any CPU
	EndGlobalSection
	GlobalSection(SolutionProperties) = preSolution
		HideSolutionNode = FALSE
	EndGlobalSection
	GlobalSection(ExtensibilityGlobals) = postSolution
		SolutionGuid = {CFADE53B-5150-44AD-8881-5F83EC5813FB}
	EndGlobalSection
EndGlobal
